
Microsoft Visual Studio Solution File, Format Version 12.00
# Visual Studio Version 17
VisualStudioVersion = 17.0.31717.71
MinimumVisualStudioVersion = 10.0.40219.1
Project("{9A19103F-16F7-4668-BE54-9A1E7A4F7556}") = "DBMS Services Manager", "DBMS Services Manager.csproj", "{6DC9E643-5652-4AE8-AAA5-455D5AF3DB9C}"
EndProject
Global
	GlobalSection(SolutionConfigurationPlatforms) = preSolution
		Debug|Any CPU = Debug|Any CPU
		Release|Any CPU = Release|Any CPU
	EndGlobalSection
	GlobalSection(ProjectConfigurationPlatforms) = postSolution
		{6DC9E643-5652-4AE8-AAA5-455D5AF3DB9C}.Debug|Any CPU.ActiveCfg = Debug|Any CPU
		{6DC9E643-5652-4AE8-AAA5-455D5AF3DB9C}.Debug|Any CPU.Build.0 = Debug|Any CPU
		{6DC9E643-5652-4AE8-AAA5-455D5AF3DB9C}.Release|Any CPU.ActiveCfg = Release|Any CPU
		{6DC9E643-5652-4AE8-AAA5-455D5AF3DB9C}.Release|Any CPU.Build.0 = Release|Any CPU
	EndGlobalSection
	GlobalSection(SolutionProperties) = preSolution
		HideSolutionNode = FALSE
	EndGlobalSection
	GlobalSection(ExtensibilityGlobals) = postSolution
		SolutionGuid = {B12365FA-25F2-4A31-B532-802656E213E7}
	EndGlobalSection
EndGlobal
